PODS:
  - SwiftGraphVisualization (1.0.3)

DEPENDENCIES:
  - SwiftGraphVisualization (from `../`)

EXTERNAL SOURCES:
  SwiftGraphVisualization:
    :path: "../"

SPEC CHECKSUMS:
  SwiftGraphVisualization: 1f679bf783f92c3b0076755d94ee28f19b8ebf12

PODFILE CHECKSUM: 6b521f7434d0a30a56fde69e588048d75e8fb34a

COCOAPODS: 1.15.2
