PODS:
  - SwiftGraphVisualization (1.0.0)

DEPENDENCIES:
  - SwiftGraphVisualization (from `../`)

EXTERNAL SOURCES:
  SwiftGraphVisualization:
    :path: "../"

SPEC CHECKSUMS:
  SwiftGraphVisualization: 404acffdbdaea00381314dcce5ee498521b03673

PODFILE CHECKSUM: a9ffffb0a11b2d41569828ad1d48610a8b5263d6

COCOAPODS: 1.15.2
